
Microsoft Visual Studio Solution File, Format Version 12.00
# Visual Studio Version 17
VisualStudioVersion = 17.2.32516.85
MinimumVisualStudioVersion = 10.0.40219.1
Project("{FAE04EC0-301F-11D3-BF4B-00C04F79EFBC}") = "lab_10-finale_ori00", "lab_10-finale_ori00.csproj", "{B8838D88-913E-4803-B8EF-6547CB4BCB64}"
EndProject
Global
	GlobalSection(SolutionConfigurationPlatforms) = preSolution
		Debug|Any CPU = Debug|Any CPU
		Release|Any CPU = Release|Any CPU
	EndGlobalSection
	GlobalSection(ProjectConfigurationPlatforms) = postSolution
		{B8838D88-913E-4803-B8EF-6547CB4BCB64}.Debug|Any CPU.ActiveCfg = Debug|Any CPU
		{B8838D88-913E-4803-B8EF-6547CB4BCB64}.Debug|Any CPU.Build.0 = Debug|Any CPU
		{B8838D88-913E-4803-B8EF-6547CB4BCB64}.Release|Any CPU.ActiveCfg = Release|Any CPU
		{B8838D88-913E-4803-B8EF-6547CB4BCB64}.Release|Any CPU.Build.0 = Release|Any CPU
	EndGlobalSection
	GlobalSection(SolutionProperties) = preSolution
		HideSolutionNode = FALSE
	EndGlobalSection
	GlobalSection(ExtensibilityGlobals) = postSolution
		SolutionGuid = {5A1FB71F-F288-4E88-AEEB-A881630F55F7}
	EndGlobalSection
EndGlobal
